// !$*UTF8*$!
{
	archiveVersion = 1;
	classes = {
	};
	objectVersion = 77;
	objects = {

/* Begin PBXBuildFile section */
		3AFB2BED2CFDAB8E00BB4E02 /* Preview Assets.xcassets in Resources */ = {isa = PBXBuildFile; fileRef = 3AFB2BE72CFDAB8E00BB4E02 /* Preview Assets.xcassets */; };
		3AFB2BEE2CFDAB8E00BB4E02 /* Assets.xcassets in Resources */ = {isa = PBXBuildFile; fileRef = 3AFB2BE92CFDAB8E00BB4E02 /* Assets.xcassets */; };
		3AFB2BEF2CFDAB8E00BB4E02 /* CatPhotoAppApp.swift in Sources */ = {isa = PBXBuildFile; fileRef = 3AFB2BEA2CFDAB8E00BB4E02 /* CatPhotoAppApp.swift */; };
		3AFB2BF02CFDAB8E00BB4E02 /* ContentView.swift in Sources */ = {isa = PBXBuildFile; fileRef = 3AFB2BEB2CFDAB8E00BB4E02 /* ContentView.swift */; };
		3AFB2BF32CFDAB9100BB4E02 /* CatPhotoAppTests.swift in Sources */ = {isa = PBXBuildFile; fileRef = 3AFB2BF12CFDAB9100BB4E02 /* CatPhotoAppTests.swift */; };
		3AFB2BF72CFDAB9400BB4E02 /* CatPhotoAppUITests.swift in Sources */ = {isa = PBXBuildFile; fileRef = 3AFB2BF42CFDAB9400BB4E02 /* CatPhotoAppUITests.swift */; };
		3AFB2BF82CFDAB9400BB4E02 /* CatPhotoAppUITestsLaunchTests.swift in Sources */ = {isa = PBXBuildFile; fileRef = 3AFB2BF52CFDAB9400BB4E02 /* CatPhotoAppUITestsLaunchTests.swift */; };
/* End PBXBuildFile section */

/* Begin PBXContainerItemProxy section */
		3AFB2BCB2CFDAB8900BB4E02 /* PBXContainerItemProxy */ = {
			isa = PBXContainerItemProxy;
			containerPortal = 3AFB2BB22CFDAB8700BB4E02 /* Project object */;
			proxyType = 1;
			remoteGlobalIDString = 3AFB2BB92CFDAB8700BB4E02;
			remoteInfo = CatPhotoApp;
		};
		3AFB2BD52CFDAB8900BB4E02 /* PBXContainerItemProxy */ = {
			isa = PBXContainerItemProxy;
			containerPortal = 3AFB2BB22CFDAB8700BB4E02 /* Project object */;
			proxyType = 1;
			remoteGlobalIDString = 3AFB2BB92CFDAB8700BB4E02;
			remoteInfo = CatPhotoApp;
		};
/* End PBXContainerItemProxy section */

/* Begin PBXFileReference section */
		3AFB2BBA2CFDAB8700BB4E02 /* CatPhotoApp.app */ = {isa = PBXFileReference; explicitFileType = wrapper.application; includeInIndex = 0; path = CatPhotoApp.app; sourceTree = BUILT_PRODUCTS_DIR; };
		3AFB2BCA2CFDAB8900BB4E02 /* CatPhotoAppTests.xctest */ = {isa = PBXFileReference; explicitFileType = wrapper.cfbundle; includeInIndex = 0; path = CatPhotoAppTests.xctest; sourceTree = BUILT_PRODUCTS_DIR; };
		3AFB2BD42CFDAB8900BB4E02 /* CatPhotoAppUITests.xctest */ = {isa = PBXFileReference; explicitFileType = wrapper.cfbundle; includeInIndex = 0; path = CatPhotoAppUITests.xctest; sourceTree = BUILT_PRODUCTS_DIR; };
		3AFB2BE72CFDAB8E00BB4E02 /* Preview Assets.xcassets */ = {isa = PBXFileReference; lastKnownFileType = folder.assetcatalog; path = "Preview Assets.xcassets"; sourceTree = "<group>"; };
		3AFB2BE92CFDAB8E00BB4E02 /* Assets.xcassets */ = {isa = PBXFileReference; lastKnownFileType = folder.assetcatalog; path = Assets.xcassets; sourceTree = "<group>"; };
		3AFB2BEA2CFDAB8E00BB4E02 /* CatPhotoAppApp.swift */ = {isa = PBXFileReference; lastKnownFileType = sourcecode.swift; path = CatPhotoAppApp.swift; sourceTree = "<group>"; };
		3AFB2BEB2CFDAB8E00BB4E02 /* ContentView.swift */ = {isa = PBXFileReference; lastKnownFileType = sourcecode.swift; path = ContentView.swift; sourceTree = "<group>"; };
		3AFB2BF12CFDAB9100BB4E02 /* CatPhotoAppTests.swift */ = {isa = PBXFileReference; lastKnownFileType = sourcecode.swift; path = CatPhotoAppTests.swift; sourceTree = "<group>"; };
		3AFB2BF42CFDAB9400BB4E02 /* CatPhotoAppUITests.swift */ = {isa = PBXFileReference; lastKnownFileType = sourcecode.swift; path = CatPhotoAppUITests.swift; sourceTree = "<group>"; };
		3AFB2BF52CFDAB9400BB4E02 /* CatPhotoAppUITestsLaunchTests.swift */ = {isa = PBXFileReference; lastKnownFileType = sourcecode.swift; path = CatPhotoAppUITestsLaunchTests.swift; sourceTree = "<group>"; };
/* End PBXFileReference section */

/* Begin PBXFrameworksBuildPhase section */
		3AFB2BB72CFDAB8700BB4E02 /* Frameworks */ = {
			isa = PBXFrameworksBuildPhase;
			buildActionMask = 2147483647;
			files = (
			);
			runOnlyForDeploymentPostprocessing = 0;
		};
		3AFB2BC72CFDAB8900BB4E02 /* Frameworks */ = {
			isa = PBXFrameworksBuildPhase;
			buildActionMask = 2147483647;
			files = (
			);
			runOnlyForDeploymentPostprocessing = 0;
		};
		3AFB2BD12CFDAB8900BB4E02 /* Frameworks */ = {
			isa = PBXFrameworksBuildPhase;
			buildActionMask = 2147483647;
			files = (
			);
			runOnlyForDeploymentPostprocessing = 0;
		};
/* End PBXFrameworksBuildPhase section */

/* Begin PBXGroup section */
		3AFB2BB12CFDAB8700BB4E02 = {
			isa = PBXGroup;
			children = (
				3AFB2BEC2CFDAB8E00BB4E02 /* CatPhotoApp */,
				3AFB2BF22CFDAB9100BB4E02 /* CatPhotoAppTests */,
				3AFB2BF62CFDAB9400BB4E02 /* CatPhotoAppUITests */,
				3AFB2BBB2CFDAB8700BB4E02 /* Products */,
			);
			sourceTree = "<group>";
		};
		3AFB2BBB2CFDAB8700BB4E02 /* Products */ = {
			isa = PBXGroup;
			children = (
				3AFB2BBA2CFDAB8700BB4E02 /* CatPhotoApp.app */,
				3AFB2BCA2CFDAB8900BB4E02 /* CatPhotoAppTests.xctest */,
				3AFB2BD42CFDAB8900BB4E02 /* CatPhotoAppUITests.xctest */,
			);
			name = Products;
			sourceTree = "<group>";
		};
		3AFB2BE82CFDAB8E00BB4E02 /* Preview Content */ = {
			isa = PBXGroup;
			children = (
				3AFB2BE72CFDAB8E00BB4E02 /* Preview Assets.xcassets */,
			);
			path = "Preview Content";
			sourceTree = "<group>";
		};
		3AFB2BEC2CFDAB8E00BB4E02 /* CatPhotoApp */ = {
			isa = PBXGroup;
			children = (
				3AFB2BE82CFDAB8E00BB4E02 /* Preview Content */,
				3AFB2BE92CFDAB8E00BB4E02 /* Assets.xcassets */,
				3AFB2BEA2CFDAB8E00BB4E02 /* CatPhotoAppApp.swift */,
				3AFB2BEB2CFDAB8E00BB4E02 /* ContentView.swift */,
			);
			path = CatPhotoApp;
			sourceTree = "<group>";
		};
		3AFB2BF22CFDAB9100BB4E02 /* CatPhotoAppTests */ = {
			isa = PBXGroup;
			children = (
				3AFB2BF12CFDAB9100BB4E02 /* CatPhotoAppTests.swift */,
			);
			path = CatPhotoAppTests;
			sourceTree = "<group>";
		};
		3AFB2BF62CFDAB9400BB4E02 /* CatPhotoAppUITests */ = {
			isa = PBXGroup;
			children = (
				3AFB2BF42CFDAB9400BB4E02 /* CatPhotoAppUITests.swift */,
				3AFB2BF52CFDAB9400BB4E02 /* CatPhotoAppUITestsLaunchTests.swift */,
			);
			path = CatPhotoAppUITests;
			sourceTree = "<group>";
		};
/* End PBXGroup section */

/* Begin PBXNativeTarget section */
		3AFB2BB92CFDAB8700BB4E02 /* CatPhotoApp */ = {
			isa = PBXNativeTarget;
			buildConfigurationList = 3AFB2BDE2CFDAB8900BB4E02 /* Build configuration list for PBXNativeTarget "CatPhotoApp" */;
			buildPhases = (
				3AFB2BB62CFDAB8700BB4E02 /* Sources */,
				3AFB2BB72CFDAB8700BB4E02 /* Frameworks */,
				3AFB2BB82CFDAB8700BB4E02 /* Resources */,
			);
			buildRules = (
			);
			dependencies = (
			);
			name = CatPhotoApp;
			packageProductDependencies = (
			);
			productName = CatPhotoApp;
			productReference = 3AFB2BBA2CFDAB8700BB4E02 /* CatPhotoApp.app */;
			productType = "com.apple.product-type.application";
		};
		3AFB2BC92CFDAB8900BB4E02 /* CatPhotoAppTests */ = {
			isa = PBXNativeTarget;
			buildConfigurationList = 3AFB2BE12CFDAB8900BB4E02 /* Build configuration list for PBXNativeTarget "CatPhotoAppTests" */;
			buildPhases = (
				3AFB2BC62CFDAB8900BB4E02 /* Sources */,
				3AFB2BC72CFDAB8900BB4E02 /* Frameworks */,
				3AFB2BC82CFDAB8900BB4E02 /* Resources */,
			);
			buildRules = (
			);
			dependencies = (
				3AFB2BCC2CFDAB8900BB4E02 /* PBXTargetDependency */,
			);
			name = CatPhotoAppTests;
			packageProductDependencies = (
			);
			productName = CatPhotoAppTests;
			productReference = 3AFB2BCA2CFDAB8900BB4E02 /* CatPhotoAppTests.xctest */;
			productType = "com.apple.product-type.bundle.unit-test";
		};
		3AFB2BD32CFDAB8900BB4E02 /* CatPhotoAppUITests */ = {
			isa = PBXNativeTarget;
			buildConfigurationList = 3AFB2BE42CFDAB8900BB4E02 /* Build configuration list for PBXNativeTarget "CatPhotoAppUITests" */;
			buildPhases = (
				3AFB2BD02CFDAB8900BB4E02 /* Sources */,
				3AFB2BD12CFDAB8900BB4E02 /* Frameworks */,
				3AFB2BD22CFDAB8900BB4E02 /* Resources */,
			);
			buildRules = (
			);
			dependencies = (
				3AFB2BD62CFDAB8900BB4E02 /* PBXTargetDependency */,
			);
			name = CatPhotoAppUITests;
			packageProductDependencies = (
			);
			productName = CatPhotoAppUITests;
			productReference = 3AFB2BD42CFDAB8900BB4E02 /* CatPhotoAppUITests.xctest */;
			productType = "com.apple.product-type.bundle.ui-testing";
		};
/* End PBXNativeTarget section */

/* Begin PBXProject section */
		3AFB2BB22CFDAB8700BB4E02 /* Project object */ = {
			isa = PBXProject;
			attributes = {
				BuildIndependentTargetsInParallel = 1;
				LastSwiftUpdateCheck = 1600;
				LastUpgradeCheck = 1600;
				TargetAttributes = {
					3AFB2BB92CFDAB8700BB4E02 = {
						CreatedOnToolsVersion = 16.0;
					};
					3AFB2BC92CFDAB8900BB4E02 = {
						CreatedOnToolsVersion = 16.0;
						TestTargetID = 3AFB2BB92CFDAB8700BB4E02;
					};
					3AFB2BD32CFDAB8900BB4E02 = {
						CreatedOnToolsVersion = 16.0;
						TestTargetID = 3AFB2BB92CFDAB8700BB4E02;
					};
				};
			};
			buildConfigurationList = 3AFB2BB52CFDAB8700BB4E02 /* Build configuration list for PBXProject "CatPhotoApp" */;
			developmentRegion = en;
			hasScannedForEncodings = 0;
			knownRegions = (
				en,
				Base,
			);
			mainGroup = 3AFB2BB12CFDAB8700BB4E02;
			minimizedProjectReferenceProxies = 1;
			preferredProjectObjectVersion = 77;
			productRefGroup = 3AFB2BBB2CFDAB8700BB4E02 /* Products */;
			projectDirPath = "";
			projectRoot = "";
			targets = (
				3AFB2BB92CFDAB8700BB4E02 /* CatPhotoApp */,
				3AFB2BC92CFDAB8900BB4E02 /* CatPhotoAppTests */,
				3AFB2BD32CFDAB8900BB4E02 /* CatPhotoAppUITests */,
			);
		};
/* End PBXProject section */

/* Begin PBXResourcesBuildPhase section */
		3AFB2BB82CFDAB8700BB4E02 /* Resources */ = {
			isa = PBXResourcesBuildPhase;
			buildActionMask = 2147483647;
			files = (
				3AFB2BED2CFDAB8E00BB4E02 /* Preview Assets.xcassets in Resources */,
				3AFB2BEE2CFDAB8E00BB4E02 /* Assets.xcassets in Resources */,
			);
			runOnlyForDeploymentPostprocessing = 0;
		};
		3AFB2BC82CFDAB8900BB4E02 /* Resources */ = {
			isa = PBXResourcesBuildPhase;
			buildActionMask = 2147483647;
			files = (
			);
			runOnlyForDeploymentPostprocessing = 0;
		};
		3AFB2BD22CFDAB8900BB4E02 /* Resources */ = {
			isa = PBXResourcesBuildPhase;
			buildActionMask = 2147483647;
			files = (
			);
			runOnlyForDeploymentPostprocessing = 0;
		};
/* End PBXResourcesBuildPhase section */

/* Begin PBXSourcesBuildPhase section */
		3AFB2BB62CFDAB8700BB4E02 /* Sources */ = {
			isa = PBXSourcesBuildPhase;
			buildActionMask = 2147483647;
			files = (
				3AFB2BEF2CFDAB8E00BB4E02 /* CatPhotoAppApp.swift in Sources */,
				3AFB2BF02CFDAB8E00BB4E02 /* ContentView.swift in Sources */,
			);
			runOnlyForDeploymentPostprocessing = 0;
		};
		3AFB2BC62CFDAB8900BB4E02 /* Sources */ = {
			isa = PBXSourcesBuildPhase;
			buildActionMask = 2147483647;
			files = (
				3AFB2BF32CFDAB9100BB4E02 /* CatPhotoAppTests.swift in Sources */,
			);
			runOnlyForDeploymentPostprocessing = 0;
		};
		3AFB2BD02CFDAB8900BB4E02 /* Sources */ = {
			isa = PBXSourcesBuildPhase;
			buildActionMask = 2147483647;
			files = (
				3AFB2BF72CFDAB9400BB4E02 /* CatPhotoAppUITests.swift in Sources */,
				3AFB2BF82CFDAB9400BB4E02 /* CatPhotoAppUITestsLaunchTests.swift in Sources */,
			);
			runOnlyForDeploymentPostprocessing = 0;
		};
/* End PBXSourcesBuildPhase section */

/* Begin PBXTargetDependency section */
		3AFB2BCC2CFDAB8900BB4E02 /* PBXTargetDependency */ = {
			isa = PBXTargetDependency;
			target = 3AFB2BB92CFDAB8700BB4E02 /* CatPhotoApp */;
			targetProxy = 3AFB2BCB2CFDAB8900BB4E02 /* PBXContainerItemProxy */;
		};
		3AFB2BD62CFDAB8900BB4E02 /* PBXTargetDependency */ = {
			isa = PBXTargetDependency;
			target = 3AFB2BB92CFDAB8700BB4E02 /* CatPhotoApp */;
			targetProxy = 3AFB2BD52CFDAB8900BB4E02 /* PBXContainerItemProxy */;
		};
/* End PBXTargetDependency section */

/* Begin XCBuildConfiguration section */
		3AFB2BDC2CFDAB8900BB4E02 /* Debug */ = {
			isa = XCBuildConfiguration;
			buildSettings = {
				ALWAYS_SEARCH_USER_PATHS = NO;
				ASSETCATALOG_COMPILER_GENERATE_SWIFT_ASSET_SYMBOL_EXTENSIONS = YES;
				CLANG_ANALYZER_NONNULL = YES;
				CLANG_ANALYZER_NUMBER_OBJECT_CONVERSION = YES_AGGRESSIVE;
				CLANG_CXX_LANGUAGE_STANDARD = "gnu++20";
				CLANG_ENABLE_MODULES = YES;
				CLANG_ENABLE_OBJC_ARC = YES;
				CLANG_ENABLE_OBJC_WEAK = YES;
				CLANG_WARN_BLOCK_CAPTURE_AUTORELEASING = YES;
				CLANG_WARN_BOOL_CONVERSION = YES;
				CLANG_WARN_COMMA = YES;
				CLANG_WARN_CONSTANT_CONVERSION = YES;
				CLANG_WARN_DEPRECATED_OBJC_IMPLEMENTATIONS = YES;
				CLANG_WARN_DIRECT_OBJC_ISA_USAGE = YES_ERROR;
				CLANG_WARN_DOCUMENTATION_COMMENTS = YES;
				CLANG_WARN_EMPTY_BODY = YES;
				CLANG_WARN_ENUM_CONVERSION = YES;
				CLANG_WARN_INFINITE_RECURSION = YES;
				CLANG_WARN_INT_CONVERSION = YES;
				CLANG_WARN_NON_LITERAL_NULL_CONVERSION = YES;
				CLANG_WARN_OBJC_IMPLICIT_RETAIN_SELF = YES;
				CLANG_WARN_OBJC_LITERAL_CONVERSION = YES;
				CLANG_WARN_OBJC_ROOT_CLASS = YES_ERROR;
				CLANG_WARN_QUOTED_INCLUDE_IN_FRAMEWORK_HEADER = YES;
				CLANG_WARN_RANGE_LOOP_ANALYSIS = YES;
				CLANG_WARN_STRICT_PROTOTYPES = YES;
				CLANG_WARN_SUSPICIOUS_MOVE = YES;
				CLANG_WARN_UNGUARDED_AVAILABILITY = YES_AGGRESSIVE;
				CLANG_WARN_UNREACHABLE_CODE = YES;
				CLANG_WARN__DUPLICATE_METHOD_MATCH = YES;
				COPY_PHASE_STRIP = NO;
				DEBUG_INFORMATION_FORMAT = dwarf;
				ENABLE_STRICT_OBJC_MSGSEND = YES;
				ENABLE_TESTABILITY = YES;
				ENABLE_USER_SCRIPT_SANDBOXING = YES;
				GCC_C_LANGUAGE_STANDARD = gnu17;
				GCC_DYNAMIC_NO_PIC = NO;
				GCC_NO_COMMON_BLOCKS = YES;
				GCC_OPTIMIZATION_LEVEL = 0;
				GCC_PREPROCESSOR_DEFINITIONS = (
					"DEBUG=1",
					"$(inherited)",
				);
				GCC_WARN_64_TO_32_BIT_CONVERSION = YES;
				GCC_WARN_ABOUT_RETURN_TYPE = YES_ERROR;
				GCC_WARN_UNDECLARED_SELECTOR = YES;
				GCC_WARN_UNINITIALIZED_AUTOS = YES_AGGRESSIVE;
				GCC_WARN_UNUSED_FUNCTION = YES;
				GCC_WARN_UNUSED_VARIABLE = YES;
				IPHONEOS_DEPLOYMENT_TARGET = 18.0;
				LOCALIZATION_PREFERS_STRING_CATALOGS = YES;
				MTL_ENABLE_DEBUG_INFO = INCLUDE_SOURCE;
				MTL_FAST_MATH = YES;
				ONLY_ACTIVE_ARCH = YES;
				SDKROOT = iphoneos;
				SWIFT_ACTIVE_COMPILATION_CONDITIONS = "DEBUG $(inherited)";
				SWIFT_OPTIMIZATION_LEVEL = "-Onone";
			};
			name = Debug;
		};
		3AFB2BDD2CFDAB8900BB4E02 /* Release */ = {
			isa = XCBuildConfiguration;
			buildSettings = {
				ALWAYS_SEARCH_USER_PATHS = NO;
				ASSETCATALOG_COMPILER_GENERATE_SWIFT_ASSET_SYMBOL_EXTENSIONS = YES;
				CLANG_ANALYZER_NONNULL = YES;
				CLANG_ANALYZER_NUMBER_OBJECT_CONVERSION = YES_AGGRESSIVE;
				CLANG_CXX_LANGUAGE_STANDARD = "gnu++20";
				CLANG_ENABLE_MODULES = YES;
				CLANG_ENABLE_OBJC_ARC = YES;
				CLANG_ENABLE_OBJC_WEAK = YES;
				CLANG_WARN_BLOCK_CAPTURE_AUTORELEASING = YES;
				CLANG_WARN_BOOL_CONVERSION = YES;
				CLANG_WARN_COMMA = YES;
				CLANG_WARN_CONSTANT_CONVERSION = YES;
				CLANG_WARN_DEPRECATED_OBJC_IMPLEMENTATIONS = YES;
				CLANG_WARN_DIRECT_OBJC_ISA_USAGE = YES_ERROR;
				CLANG_WARN_DOCUMENTATION_COMMENTS = YES;
				CLANG_WARN_EMPTY_BODY = YES;
				CLANG_WARN_ENUM_CONVERSION = YES;
				CLANG_WARN_INFINITE_RECURSION = YES;
				CLANG_WARN_INT_CONVERSION = YES;
				CLANG_WARN_NON_LITERAL_NULL_CONVERSION = YES;
				CLANG_WARN_OBJC_IMPLICIT_RETAIN_SELF = YES;
				CLANG_WARN_OBJC_LITERAL_CONVERSION = YES;
				CLANG_WARN_OBJC_ROOT_CLASS = YES_ERROR;
				CLANG_WARN_QUOTED_INCLUDE_IN_FRAMEWORK_HEADER = YES;
				CLANG_WARN_RANGE_LOOP_ANALYSIS = YES;
				CLANG_WARN_STRICT_PROTOTYPES = YES;
				CLANG_WARN_SUSPICIOUS_MOVE = YES;
				CLANG_WARN_UNGUARDED_AVAILABILITY = YES_AGGRESSIVE;
				CLANG_WARN_UNREACHABLE_CODE = YES;
				CLANG_WARN__DUPLICATE_METHOD_MATCH = YES;
				COPY_PHASE_STRIP = NO;
				DEBUG_INFORMATION_FORMAT = "dwarf-with-dsym";
				ENABLE_NS_ASSERTIONS = NO;
				ENABLE_STRICT_OBJC_MSGSEND = YES;
				ENABLE_USER_SCRIPT_SANDBOXING = YES;
				GCC_C_LANGUAGE_STANDARD = gnu17;
				GCC_NO_COMMON_BLOCKS = YES;
				GCC_WARN_64_TO_32_BIT_CONVERSION = YES;
				GCC_WARN_ABOUT_RETURN_TYPE = YES_ERROR;
				GCC_WARN_UNDECLARED_SELECTOR = YES;
				GCC_WARN_UNINITIALIZED_AUTOS = YES_AGGRESSIVE;
				GCC_WARN_UNUSED_FUNCTION = YES;
				GCC_WARN_UNUSED_VARIABLE = YES;
				IPHONEOS_DEPLOYMENT_TARGET = 18.0;
				LOCALIZATION_PREFERS_STRING_CATALOGS = YES;
				MTL_ENABLE_DEBUG_INFO = NO;
				MTL_FAST_MATH = YES;
				SDKROOT = iphoneos;
				SWIFT_COMPILATION_MODE = wholemodule;
				VALIDATE_PRODUCT = YES;
			};
			name = Release;
		};
		3AFB2BDF2CFDAB8900BB4E02 /* Debug */ = {
			isa = XCBuildConfiguration;
			buildSettings = {
				ASSETCATALOG_COMPILER_APPICON_NAME = AppIcon;
				ASSETCATALOG_COMPILER_GLOBAL_ACCENT_COLOR_NAME = AccentColor;
				CODE_SIGN_STYLE = Automatic;
				CURRENT_PROJECT_VERSION = 1;
				DEVELOPMENT_ASSET_PATHS = "\"CatPhotoApp/Preview Content\"";
				DEVELOPMENT_TEAM = D546Q3YH5F;
				ENABLE_PREVIEWS = YES;
				GENERATE_INFOPLIST_FILE = YES;
				INFOPLIST_KEY_UIApplicationSceneManifest_Generation = YES;
				INFOPLIST_KEY_UIApplicationSupportsIndirectInputEvents = YES;
				INFOPLIST_KEY_UILaunchScreen_Generation = YES;
				INFOPLIST_KEY_UISupportedInterfaceOrientations_iPad = "UIInterfaceOrientationPortrait UIInterfaceOrientationPortraitUpsideDown UIInterfaceOrientationLandscapeLeft UIInterfaceOrientationLandscapeRight";
				INFOPLIST_KEY_UISupportedInterfaceOrientations_iPhone = "UIInterfaceOrientationPortrait UIInterfaceOrientationLandscapeLeft UIInterfaceOrientationLandscapeRight";
				LD_RUNPATH_SEARCH_PATHS = (
					"$(inherited)",
					"@executable_path/Frameworks",
				);
				MARKETING_VERSION = 1.0;
				PRODUCT_BUNDLE_IDENTIFIER = com.antonPatenko.CatPhotoApp;
				PRODUCT_NAME = "$(TARGET_NAME)";
				SWIFT_EMIT_LOC_STRINGS = YES;
				SWIFT_VERSION = 5.0;
				TARGETED_DEVICE_FAMILY = "1,2";
			};
			name = Debug;
		};
		3AFB2BE02CFDAB8900BB4E02 /* Release */ = {
			isa = XCBuildConfiguration;
			buildSettings = {
				ASSETCATALOG_COMPILER_APPICON_NAME = AppIcon;
				ASSETCATALOG_COMPILER_GLOBAL_ACCENT_COLOR_NAME = AccentColor;
				CODE_SIGN_STYLE = Automatic;
				CURRENT_PROJECT_VERSION = 1;
				DEVELOPMENT_ASSET_PATHS = "\"CatPhotoApp/Preview Content\"";
				DEVELOPMENT_TEAM = D546Q3YH5F;
				ENABLE_PREVIEWS = YES;
				GENERATE_INFOPLIST_FILE = YES;
				INFOPLIST_KEY_UIApplicationSceneManifest_Generation = YES;
				INFOPLIST_KEY_UIApplicationSupportsIndirectInputEvents = YES;
				INFOPLIST_KEY_UILaunchScreen_Generation = YES;
				INFOPLIST_KEY_UISupportedInterfaceOrientations_iPad = "UIInterfaceOrientationPortrait UIInterfaceOrientationPortraitUpsideDown UIInterfaceOrientationLandscapeLeft UIInterfaceOrientationLandscapeRight";
				INFOPLIST_KEY_UISupportedInterfaceOrientations_iPhone = "UIInterfaceOrientationPortrait UIInterfaceOrientationLandscapeLeft UIInterfaceOrientationLandscapeRight";
				LD_RUNPATH_SEARCH_PATHS = (
					"$(inherited)",
					"@executable_path/Frameworks",
				);
				MARKETING_VERSION = 1.0;
				PRODUCT_BUNDLE_IDENTIFIER = com.antonPatenko.CatPhotoApp;
				PRODUCT_NAME = "$(TARGET_NAME)";
				SWIFT_EMIT_LOC_STRINGS = YES;
				SWIFT_VERSION = 5.0;
				TARGETED_DEVICE_FAMILY = "1,2";
			};
			name = Release;
		};
		3AFB2BE22CFDAB8900BB4E02 /* Debug */ = {
			isa = XCBuildConfiguration;
			buildSettings = {
				BUNDLE_LOADER = "$(TEST_HOST)";
				CODE_SIGN_STYLE = Automatic;
				CURRENT_PROJECT_VERSION = 1;
				DEVELOPMENT_TEAM = D546Q3YH5F;
				GENERATE_INFOPLIST_FILE = YES;
				IPHONEOS_DEPLOYMENT_TARGET = 18.0;
				MARKETING_VERSION = 1.0;
				PRODUCT_BUNDLE_IDENTIFIER = com.antonPatenko.CatPhotoAppTests;
				PRODUCT_NAME = "$(TARGET_NAME)";
				SWIFT_EMIT_LOC_STRINGS = NO;
				SWIFT_VERSION = 5.0;
				TARGETED_DEVICE_FAMILY = "1,2";
				TEST_HOST = "$(BUILT_PRODUCTS_DIR)/CatPhotoApp.app/$(BUNDLE_EXECUTABLE_FOLDER_PATH)/CatPhotoApp";
			};
			name = Debug;
		};
		3AFB2BE32CFDAB8900BB4E02 /* Release */ = {
			isa = XCBuildConfiguration;
			buildSettings = {
				BUNDLE_LOADER = "$(TEST_HOST)";
				CODE_SIGN_STYLE = Automatic;
				CURRENT_PROJECT_VERSION = 1;
				DEVELOPMENT_TEAM = D546Q3YH5F;
				GENERATE_INFOPLIST_FILE = YES;
				IPHONEOS_DEPLOYMENT_TARGET = 18.0;
				MARKETING_VERSION = 1.0;
				PRODUCT_BUNDLE_IDENTIFIER = com.antonPatenko.CatPhotoAppTests;
				PRODUCT_NAME = "$(TARGET_NAME)";
				SWIFT_EMIT_LOC_STRINGS = NO;
				SWIFT_VERSION = 5.0;
				TARGETED_DEVICE_FAMILY = "1,2";
				TEST_HOST = "$(BUILT_PRODUCTS_DIR)/CatPhotoApp.app/$(BUNDLE_EXECUTABLE_FOLDER_PATH)/CatPhotoApp";
			};
			name = Release;
		};
		3AFB2BE52CFDAB8900BB4E02 /* Debug */ = {
			isa = XCBuildConfiguration;
			buildSettings = {
				CODE_SIGN_STYLE = Automatic;
				CURRENT_PROJECT_VERSION = 1;
				DEVELOPMENT_TEAM = D546Q3YH5F;
				GENERATE_INFOPLIST_FILE = YES;
				MARKETING_VERSION = 1.0;
				PRODUCT_BUNDLE_IDENTIFIER = com.antonPatenko.CatPhotoAppUITests;
				PRODUCT_NAME = "$(TARGET_NAME)";
				SWIFT_EMIT_LOC_STRINGS = NO;
				SWIFT_VERSION = 5.0;
				TARGETED_DEVICE_FAMILY = "1,2";
				TEST_TARGET_NAME = CatPhotoApp;
			};
			name = Debug;
		};
		3AFB2BE62CFDAB8900BB4E02 /* Release */ = {
			isa = XCBuildConfiguration;
			buildSettings = {
				CODE_SIGN_STYLE = Automatic;
				CURRENT_PROJECT_VERSION = 1;
				DEVELOPMENT_TEAM = D546Q3YH5F;
				GENERATE_INFOPLIST_FILE = YES;
				MARKETING_VERSION = 1.0;
				PRODUCT_BUNDLE_IDENTIFIER = com.antonPatenko.CatPhotoAppUITests;
				PRODUCT_NAME = "$(TARGET_NAME)";
				SWIFT_EMIT_LOC_STRINGS = NO;
				SWIFT_VERSION = 5.0;
				TARGETED_DEVICE_FAMILY = "1,2";
				TEST_TARGET_NAME = CatPhotoApp;
			};
			name = Release;
		};
/* End XCBuildConfiguration section */

/* Begin XCConfigurationList section */
		3AFB2BB52CFDAB8700BB4E02 /* Build configuration list for PBXProject "CatPhotoApp" */ = {
			isa = XCConfigurationList;
			buildConfigurations = (
				3AFB2BDC2CFDAB8900BB4E02 /* Debug */,
				3AFB2BDD2CFDAB8900BB4E02 /* Release */,
			);
			defaultConfigurationIsVisible = 0;
			defaultConfigurationName = Release;
		};
		3AFB2BDE2CFDAB8900BB4E02 /* Build configuration list for PBXNativeTarget "CatPhotoApp" */ = {
			isa = XCConfigurationList;
			buildConfigurations = (
				3AFB2BDF2CFDAB8900BB4E02 /* Debug */,
				3AFB2BE02CFDAB8900BB4E02 /* Release */,
			);
			defaultConfigurationIsVisible = 0;
			defaultConfigurationName = Release;
		};
		3AFB2BE12CFDAB8900BB4E02 /* Build configuration list for PBXNativeTarget "CatPhotoAppTests" */ = {
			isa = XCConfigurationList;
			buildConfigurations = (
				3AFB2BE22CFDAB8900BB4E02 /* Debug */,
				3AFB2BE32CFDAB8900BB4E02 /* Release */,
			);
			defaultConfigurationIsVisible = 0;
			defaultConfigurationName = Release;
		};
		3AFB2BE42CFDAB8900BB4E02 /* Build configuration list for PBXNativeTarget "CatPhotoAppUITests" */ = {
			isa = XCConfigurationList;
			buildConfigurations = (
				3AFB2BE52CFDAB8900BB4E02 /* Debug */,
				3AFB2BE62CFDAB8900BB4E02 /* Release */,
			);
			defaultConfigurationIsVisible = 0;
			defaultConfigurationName = Release;
		};
/* End XCConfigurationList section */
	};
	rootObject = 3AFB2BB22CFDAB8700BB4E02 /* Project object */;
}
